Microsoft Visual Studio Solution File, Format Version 12.00
# Visual Studio Version 17
VisualStudioVersion = 17.5.2.0
MinimumVisualStudioVersion = 10.0.40219.1
Project("{FAE04EC0-301F-11D3-BF4B-00C04F79EFBC}") = "JobFinder.Api", "JobFinder.Api.csproj", "{9F478F33-D047-4A43-D719-07B1F099D2F5}"
EndProject
Global
	GlobalSection(SolutionConfigurationPlatforms) = preSolution
		Debug|Any CPU = Debug|Any CPU
		Release|Any CPU = Release|Any CPU
	EndGlobalSection
	GlobalSection(ProjectConfigurationPlatforms) = postSolution
		{9F478F33-D047-4A43-D719-07B1F099D2F5}.Debug|Any CPU.ActiveCfg = Debug|Any CPU
		{9F478F33-D047-4A43-D719-07B1F099D2F5}.Debug|Any CPU.Build.0 = Debug|Any CPU
		{9F478F33-D047-4A43-D719-07B1F099D2F5}.Release|Any CPU.ActiveCfg = Release|Any CPU
		{9F478F33-D047-4A43-D719-07B1F099D2F5}.Release|Any CPU.Build.0 = Release|Any CPU
	EndGlobalSection
	GlobalSection(SolutionProperties) = preSolution
		HideSolutionNode = FALSE
	EndGlobalSection
	GlobalSection(ExtensibilityGlobals) = postSolution
		SolutionGuid = {AA3D7EF1-4504-4448-ACC5-E8CB13B4DB0B}
	EndGlobalSection
EndGlobal
